<?xml version="1.0" encoding="utf-8"?>
<Project ToolsVersion="4.0" xmlns="http://schemas.microsoft.com/developer/msbuild/2003">
  <ItemGroup>
    <ClCompile Include="stdafx.cpp">
      <Filter>源文件</Filter>
    </ClCompile>
    <ClCompile Include="WriteLog.cpp">
      <Filter>源文件</Filter>
    </ClCompile>
    <ClCompile Include="HWPlayHandle.cpp">
      <Filter>源文件</Filter>
    </ClCompile>
    <ClCompile Include="HWPlayPlugin.cpp">
      <Filter>源文件</Filter>
    </ClCompile>
  </ItemGroup>
  <ItemGroup>
    <ClInclude Include="stdafx.h">
      <Filter>头文件</Filter>
    </ClInclude>
    <ClInclude Include="WriteLog.h">
      <Filter>头文件</Filter>
    </ClInclude>
    <ClInclude Include="Resource.h">
      <Filter>头文件</Filter>
    </ClInclude>
    <ClInclude Include="HWPlayHandle.h">
      <Filter>头文件</Filter>
    </ClInclude>
    <ClInclude Include="HWPlayPlugin.h">
      <Filter>头文件</Filter>
    </ClInclude>
  </ItemGroup>
  <ItemGroup>
    <None Include="DHPlayPlugin.def">
      <Filter>资源文件</Filter>
    </None>
    <None Include="res\DHPlayPlugin.rc2">
      <Filter>资源文件</Filter>
    </None>
    <None Include="DHPlayPlugind.def">
      <Filter>资源文件</Filter>
    </None>
  </ItemGroup>
  <ItemGroup>
    <Text Include="ReadMe.txt" />
  </ItemGroup>
  <ItemGroup>
    <Filter Include="头文件">
      <UniqueIdentifier>{526d6f21-bfed-4795-9d14-d580e3551b21}</UniqueIdentifier>
    </Filter>
    <Filter Include="源文件">
      <UniqueIdentifier>{165d0b9b-49ff-4908-8df0-ced378c91394}</UniqueIdentifier>
    </Filter>
    <Filter Include="资源文件">
      <UniqueIdentifier>{83a0df3e-3f2f-4da3-bb82-c8f1ebfd46d7}</UniqueIdentifier>
    </Filter>
  </ItemGroup>
  <ItemGroup>
    <ResourceCompile Include="DHPlayPlugin.rc">
      <Filter>资源文件</Filter>
    </ResourceCompile>
  </ItemGroup>
</Project>